
Microsoft Visual Studio Solution File, Format Version 12.00
Project("{FAE04EC0-301F-11D3-BF4B-00C04F79EFBC}") = "AutoElon", "AutoElon\AutoElon.csproj", "{FFDFBFA2-FF57-4D65-AC4C-B377516ADD83}"
EndProject
Project("{FAE04EC0-301F-11D3-BF4B-00C04F79EFBC}") = "AutoElon.Data", "AutoElon.Data\AutoElon.Data.csproj", "{1C739441-212D-4D1E-B706-68EECBA5054C}"
EndProject
Global
	GlobalSection(SolutionConfigurationPlatforms) = preSolution
		Debug|Any CPU = Debug|Any CPU
		Release|Any CPU = Release|Any CPU
	EndGlobalSection
	GlobalSection(ProjectConfigurationPlatforms) = postSolution
		{FFDFBFA2-FF57-4D65-AC4C-B377516ADD83}.Debug|Any CPU.ActiveCfg = Debug|Any CPU
		{FFDFBFA2-FF57-4D65-AC4C-B377516ADD83}.Debug|Any CPU.Build.0 = Debug|Any CPU
		{FFDFBFA2-FF57-4D65-AC4C-B377516ADD83}.Release|Any CPU.ActiveCfg = Release|Any CPU
		{FFDFBFA2-FF57-4D65-AC4C-B377516ADD83}.Release|Any CPU.Build.0 = Release|Any CPU
		{1C739441-212D-4D1E-B706-68EECBA5054C}.Debug|Any CPU.ActiveCfg = Debug|Any CPU
		{1C739441-212D-4D1E-B706-68EECBA5054C}.Debug|Any CPU.Build.0 = Debug|Any CPU
		{1C739441-212D-4D1E-B706-68EECBA5054C}.Release|Any CPU.ActiveCfg = Release|Any CPU
		{1C739441-212D-4D1E-B706-68EECBA5054C}.Release|Any CPU.Build.0 = Release|Any CPU
	EndGlobalSection
EndGlobal
